{
  "name": "SM-Scaffold",
  "version": "1.0.0",
  "lockfileVersion": 1,
  "requires": true,
  "dependencies": {
    "@figma/plugin-typings": {
      "version": "1.19.3",
      "resolved": "https://registry.npmjs.org/@figma/plugin-typings/-/plugin-typings-1.19.3.tgz",
      "integrity": "sha512-Tm26pPQoltD7bYfeC/+d4RFsmdcrmAatq3lhGIfKNC80ETlZHv5scWJZIvCR0EULJNdtIaiQNskJLSqcPzHafQ==",
      "dev": true
    }
  }
}
